{
  "name": "dependency-analyzer",
  "version": "0.0.1",
  "lockfileVersion": 3,
  "requires": true,
  "packages": {
    "": {
      "name": "dependency-analyzer",
      "version": "0.0.1",
      "license": "GPL-3.0-or-later",
      "workspaces": [
        "packages/*"
      ]
    },
    "node_modules/@vinean/dependency-analyzer": {
      "resolved": "packages/dependency-analyzer",
      "link": true
    },
    "packages/dependency-analyzer": {
      "name": "@vinean/dependency-analyzer",
      "version": "1.0.1",
      "license": "GPL-3.0-or-later",
      "bin": {
        "dependency-analyzer": "bin/dependency-analyzer.js"
      },
      "engines": {
        "node": ">=18"
      }
    }
  }
}
